
Microsoft Visual Studio Solution File, Format Version 12.00
# Visual Studio Version 17
VisualStudioVersion = 17.8.34511.84
MinimumVisualStudioVersion = 10.0.40219.1
Project("{FAE04EC0-301F-11D3-BF4B-00C04F79EFBC}") = "BuilderPatternWinForm", "BuilderPatternWinForm\BuilderPatternWinForm.csproj", "{C6CCC96D-B6E1-48DD-88F3-A602152780E8}"
EndProject
Global
	GlobalSection(SolutionConfigurationPlatforms) = preSolution
		Debug|Any CPU = Debug|Any CPU
		Release|Any CPU = Release|Any CPU
	EndGlobalSection
	GlobalSection(ProjectConfigurationPlatforms) = postSolution
		{C6CCC96D-B6E1-48DD-88F3-A602152780E8}.Debug|Any CPU.ActiveCfg = Debug|Any CPU
		{C6CCC96D-B6E1-48DD-88F3-A602152780E8}.Debug|Any CPU.Build.0 = Debug|Any CPU
		{C6CCC96D-B6E1-48DD-88F3-A602152780E8}.Release|Any CPU.ActiveCfg = Release|Any CPU
		{C6CCC96D-B6E1-48DD-88F3-A602152780E8}.Release|Any CPU.Build.0 = Release|Any CPU
	EndGlobalSection
	GlobalSection(SolutionProperties) = preSolution
		HideSolutionNode = FALSE
	EndGlobalSection
	GlobalSection(ExtensibilityGlobals) = postSolution
		SolutionGuid = {F21462F6-E33D-4A57-BB1E-1B1A36A54D3B}
	EndGlobalSection
EndGlobal
