
Microsoft Visual Studio Solution File, Format Version 12.00
# Visual Studio Version 17
VisualStudioVersion = 17.9.34622.214
MinimumVisualStudioVersion = 10.0.40219.1
Project("{FAE04EC0-301F-11D3-BF4B-00C04F79EFBC}") = "DesignPatternTH6", "DesignPatternTH6\DesignPatternTH6.csproj", "{D2B33821-B6D7-4894-94FB-F3F7EF33F413}"
EndProject
Global
	GlobalSection(SolutionConfigurationPlatforms) = preSolution
		Debug|Any CPU = Debug|Any CPU
		Release|Any CPU = Release|Any CPU
	EndGlobalSection
	GlobalSection(ProjectConfigurationPlatforms) = postSolution
		{D2B33821-B6D7-4894-94FB-F3F7EF33F413}.Debug|Any CPU.ActiveCfg = Debug|Any CPU
		{D2B33821-B6D7-4894-94FB-F3F7EF33F413}.Debug|Any CPU.Build.0 = Debug|Any CPU
		{D2B33821-B6D7-4894-94FB-F3F7EF33F413}.Release|Any CPU.ActiveCfg = Release|Any CPU
		{D2B33821-B6D7-4894-94FB-F3F7EF33F413}.Release|Any CPU.Build.0 = Release|Any CPU
	EndGlobalSection
	GlobalSection(SolutionProperties) = preSolution
		HideSolutionNode = FALSE
	EndGlobalSection
	GlobalSection(ExtensibilityGlobals) = postSolution
		SolutionGuid = {8DEC05A4-4AB3-47F9-AE7A-344FB214B06F}
	EndGlobalSection
EndGlobal
