
Microsoft Visual Studio Solution File, Format Version 12.00
# Visual Studio Version 17
VisualStudioVersion = 17.8.34330.188
MinimumVisualStudioVersion = 10.0.40219.1
Project("{FAE04EC0-301F-11D3-BF4B-00C04F79EFBC}") = "DesignPatternTH1", "DesignPatternTH1\DesignPatternTH1.csproj", "{8422B021-BE03-4DD5-A55A-B09AC68F9FD0}"
EndProject
Global
	GlobalSection(SolutionConfigurationPlatforms) = preSolution
		Debug|Any CPU = Debug|Any CPU
		Release|Any CPU = Release|Any CPU
	EndGlobalSection
	GlobalSection(ProjectConfigurationPlatforms) = postSolution
		{8422B021-BE03-4DD5-A55A-B09AC68F9FD0}.Debug|Any CPU.ActiveCfg = Debug|Any CPU
		{8422B021-BE03-4DD5-A55A-B09AC68F9FD0}.Debug|Any CPU.Build.0 = Debug|Any CPU
		{8422B021-BE03-4DD5-A55A-B09AC68F9FD0}.Release|Any CPU.ActiveCfg = Release|Any CPU
		{8422B021-BE03-4DD5-A55A-B09AC68F9FD0}.Release|Any CPU.Build.0 = Release|Any CPU
	EndGlobalSection
	GlobalSection(SolutionProperties) = preSolution
		HideSolutionNode = FALSE
	EndGlobalSection
	GlobalSection(ExtensibilityGlobals) = postSolution
		SolutionGuid = {C9FD772F-9D89-44A3-A4B9-6B21B2F85B11}
	EndGlobalSection
EndGlobal
