
Microsoft Visual Studio Solution File, Format Version 12.00
# Visual Studio Version 17
VisualStudioVersion = 17.8.34330.188
MinimumVisualStudioVersion = 10.0.40219.1
Project("{FAE04EC0-301F-11D3-BF4B-00C04F79EFBC}") = "DesignPatternTH2", "DesignPatternTH2\DesignPatternTH2.csproj", "{AFF1BB22-6069-43A6-9AD0-E8219C8018DB}"
EndProject
Global
	GlobalSection(SolutionConfigurationPlatforms) = preSolution
		Debug|Any CPU = Debug|Any CPU
		Release|Any CPU = Release|Any CPU
	EndGlobalSection
	GlobalSection(ProjectConfigurationPlatforms) = postSolution
		{AFF1BB22-6069-43A6-9AD0-E8219C8018DB}.Debug|Any CPU.ActiveCfg = Debug|Any CPU
		{AFF1BB22-6069-43A6-9AD0-E8219C8018DB}.Debug|Any CPU.Build.0 = Debug|Any CPU
		{AFF1BB22-6069-43A6-9AD0-E8219C8018DB}.Release|Any CPU.ActiveCfg = Release|Any CPU
		{AFF1BB22-6069-43A6-9AD0-E8219C8018DB}.Release|Any CPU.Build.0 = Release|Any CPU
	EndGlobalSection
	GlobalSection(SolutionProperties) = preSolution
		HideSolutionNode = FALSE
	EndGlobalSection
	GlobalSection(ExtensibilityGlobals) = postSolution
		SolutionGuid = {223157A6-669A-431D-9412-F3CE00F1C3AC}
	EndGlobalSection
EndGlobal
